// !$*UTF8*$!
{
	archiveVersion = 1;
	classes = {
	};
	objectVersion = 55;
	objects = {

/* Begin PBXBuildFile section */
		D500DAA1292B7E9C00E2C569 /* AddClothesCameraView.swift in Sources */ = {isa = PBXBuildFile; fileRef = D500DAA0292B7E9C00E2C569 /* AddClothesCameraView.swift */; };
		D500DAA5292B7FD100E2C569 /* ImgPicker.swift in Sources */ = {isa = PBXBuildFile; fileRef = D500DAA4292B7FD100E2C569 /* ImgPicker.swift */; };
		D500DAA7292B816900E2C569 /* Classifier.swift in Sources */ = {isa = PBXBuildFile; fileRef = D500DAA6292B816900E2C569 /* Classifier.swift */; };
		D500DAAB292B837900E2C569 /* ImageClassifier.swift in Sources */ = {isa = PBXBuildFile; fileRef = D500DAAA292B837900E2C569 /* ImageClassifier.swift */; };
		D500DAB1292B9D2500E2C569 /* Resnet50.mlpackage in Sources */ = {isa = PBXBuildFile; fileRef = D500DAB0292B9D2500E2C569 /* Resnet50.mlpackage */; };
		D500DAB3292BCBED00E2C569 /* ClothyCoreML.mlmodel in Sources */ = {isa = PBXBuildFile; fileRef = D500DAB2292BCBED00E2C569 /* ClothyCoreML.mlmodel */; };
		D51883DD2917EE25008799CA /* RiveRuntime in Frameworks */ = {isa = PBXBuildFile; productRef = D51883DC2917EE25008799CA /* RiveRuntime */; };
		D51CDECB29182A4900A93D55 /* TabBar.swift in Sources */ = {isa = PBXBuildFile; fileRef = D51CDECA29182A4900A93D55 /* TabBar.swift */; };
		D51CDECD29182CB000A93D55 /* SideMenu.swift in Sources */ = {isa = PBXBuildFile; fileRef = D51CDECC29182CB000A93D55 /* SideMenu.swift */; };
		D51CDEDA2918869A00A93D55 /* SignUpView.swift in Sources */ = {isa = PBXBuildFile; fileRef = D51CDED92918869A00A93D55 /* SignUpView.swift */; };
		D5272D40291FF9E8006D3628 /* Profile.swift in Sources */ = {isa = PBXBuildFile; fileRef = D5272D3F291FF9E8006D3628 /* Profile.swift */; };
		D5272D42291FFDE6006D3628 /* ProfileViewModel.swift in Sources */ = {isa = PBXBuildFile; fileRef = D5272D41291FFDE6006D3628 /* ProfileViewModel.swift */; };
		D547E8892922ACE2006CD1D1 /* button.riv in Resources */ = {isa = PBXBuildFile; fileRef = D547E8882922ACE2006CD1D1 /* button.riv */; };
		D54A8EE529295BD400853E15 /* CameraView.swift in Sources */ = {isa = PBXBuildFile; fileRef = D54A8EE429295BD400853E15 /* CameraView.swift */; };
		D58A5B23291743E00067A00C /* clothyApp.swift in Sources */ = {isa = PBXBuildFile; fileRef = D58A5B22291743E00067A00C /* clothyApp.swift */; };
		D58A5B25291743E00067A00C /* ContentView.swift in Sources */ = {isa = PBXBuildFile; fileRef = D58A5B24291743E00067A00C /* ContentView.swift */; };
		D58A5B27291743E10067A00C /* Assets.xcassets in Resources */ = {isa = PBXBuildFile; fileRef = D58A5B26291743E10067A00C /* Assets.xcassets */; };
		D58A5B2A291743E10067A00C /* Preview Assets.xcassets in Resources */ = {isa = PBXBuildFile; fileRef = D58A5B29291743E10067A00C /* Preview Assets.xcassets */; };
		D58A5B34291743E10067A00C /* clothyTests.swift in Sources */ = {isa = PBXBuildFile; fileRef = D58A5B33291743E10067A00C /* clothyTests.swift */; };
		D58A5B3E291743E10067A00C /* clothyUITests.swift in Sources */ = {isa = PBXBuildFile; fileRef = D58A5B3D291743E10067A00C /* clothyUITests.swift */; };
		D58A5B40291743E10067A00C /* clothyUITestsLaunchTests.swift in Sources */ = {isa = PBXBuildFile; fileRef = D58A5B3F291743E10067A00C /* clothyUITestsLaunchTests.swift */; };
		D5ABCBBC291A05C000D0E5EF /* ForgotPWView.swift in Sources */ = {isa = PBXBuildFile; fileRef = D5ABCBBB291A05C000D0E5EF /* ForgotPWView.swift */; };
		D5ABCBBE291A095C00D0E5EF /* ProfileView.swift in Sources */ = {isa = PBXBuildFile; fileRef = D5ABCBBD291A095C00D0E5EF /* ProfileView.swift */; };
		D5AED57229241703001C625B /* ChangePasswordView.swift in Sources */ = {isa = PBXBuildFile; fileRef = D5AED57129241703001C625B /* ChangePasswordView.swift */; };
		D5AED57529242C93001C625B /* FormValidator in Frameworks */ = {isa = PBXBuildFile; productRef = D5AED57429242C93001C625B /* FormValidator */; };
		D5AED57729242D72001C625B /* FormInfo.swift in Sources */ = {isa = PBXBuildFile; fileRef = D5AED57629242D72001C625B /* FormInfo.swift */; };
		D5AED57F29245886001C625B /* Coordinator.swift in Sources */ = {isa = PBXBuildFile; fileRef = D5AED57E29245886001C625B /* Coordinator.swift */; };
		D5AED581292458DE001C625B /* UIImage+Extension.swift in Sources */ = {isa = PBXBuildFile; fileRef = D5AED580292458DE001C625B /* UIImage+Extension.swift */; };
		D5AED5832924813D001C625B /* ImagePicker00.swift in Sources */ = {isa = PBXBuildFile; fileRef = D5AED5822924813D001C625B /* ImagePicker00.swift */; };
		D5AF936B29198026002DA67F /* PrefrencesView.swift in Sources */ = {isa = PBXBuildFile; fileRef = D5AF936A29198026002DA67F /* PrefrencesView.swift */; };
		D5AF936D291986ED002DA67F /* PrefButton.swift in Sources */ = {isa = PBXBuildFile; fileRef = D5AF936C291986ED002DA67F /* PrefButton.swift */; };
		D5AF93732919A64D002DA67F /* LoginViewModel.swift in Sources */ = {isa = PBXBuildFile; fileRef = D5AF93722919A64D002DA67F /* LoginViewModel.swift */; };
		D5C73913291BC55600DDBE1A /* DateUtils.swift in Sources */ = {isa = PBXBuildFile; fileRef = D5C73912291BC55600DDBE1A /* DateUtils.swift */; };
		D5CB6DA82927BF8C009AD8C7 /* Clothes.swift in Sources */ = {isa = PBXBuildFile; fileRef = D5CB6DA72927BF8C009AD8C7 /* Clothes.swift */; };
		D5CB6DAA2927C195009AD8C7 /* MyClothesView.swift in Sources */ = {isa = PBXBuildFile; fileRef = D5CB6DA92927C195009AD8C7 /* MyClothesView.swift */; };
		D5CB6DAC2927C241009AD8C7 /* ClothesCard.swift in Sources */ = {isa = PBXBuildFile; fileRef = D5CB6DAB2927C241009AD8C7 /* ClothesCard.swift */; };
		D5CB6DAE2927C8CB009AD8C7 /* MyClothesListView.swift in Sources */ = {isa = PBXBuildFile; fileRef = D5CB6DAD2927C8CB009AD8C7 /* MyClothesListView.swift */; };
		D5CB6DB02927CBA7009AD8C7 /* ClothesDetailView.swift in Sources */ = {isa = PBXBuildFile; fileRef = D5CB6DAF2927CBA7009AD8C7 /* ClothesDetailView.swift */; };
		D5CB6DB32927DD97009AD8C7 /* CategoriesView.swift in Sources */ = {isa = PBXBuildFile; fileRef = D5CB6DB22927DD97009AD8C7 /* CategoriesView.swift */; };
		D5CB6DB52927E04F009AD8C7 /* CategoryViewDetails.swift in Sources */ = {isa = PBXBuildFile; fileRef = D5CB6DB42927E04F009AD8C7 /* CategoryViewDetails.swift */; };
		D5D86777291EB7B2008B0F88 /* UserViewModel.swift in Sources */ = {isa = PBXBuildFile; fileRef = D5D86776291EB7B2008B0F88 /* UserViewModel.swift */; };
		D5E7B94E2919E4D20087AF12 /* User.swift in Sources */ = {isa = PBXBuildFile; fileRef = D5E7B94D2919E4D20087AF12 /* User.swift */; };
		D5EF61202917CB7E00B8DF43 /* OnBoardingView.swift in Sources */ = {isa = PBXBuildFile; fileRef = D5EF611F2917CB7E00B8DF43 /* OnBoardingView.swift */; };
		D5EF61222917CB9400B8DF43 /* SignInView.swift in Sources */ = {isa = PBXBuildFile; fileRef = D5EF61212917CB9400B8DF43 /* SignInView.swift */; };
		D5EF61262917CBE000B8DF43 /* CustomTextField.swift in Sources */ = {isa = PBXBuildFile; fileRef = D5EF61252917CBE000B8DF43 /* CustomTextField.swift */; };
		D5EF61282917CBFA00B8DF43 /* Extentions.swift in Sources */ = {isa = PBXBuildFile; fileRef = D5EF61272917CBFA00B8DF43 /* Extentions.swift */; };
		D5EF612A2917CC0D00B8DF43 /* CustomFont.swift in Sources */ = {isa = PBXBuildFile; fileRef = D5EF61292917CC0D00B8DF43 /* CustomFont.swift */; };
		D5EF61322917CCA100B8DF43 /* Poppins-Bold.ttf in Resources */ = {isa = PBXBuildFile; fileRef = D5EF612F2917CCA100B8DF43 /* Poppins-Bold.ttf */; };
		D5EF61332917CCA100B8DF43 /* Inter-Regular.ttf in Resources */ = {isa = PBXBuildFile; fileRef = D5EF61302917CCA100B8DF43 /* Inter-Regular.ttf */; };
		D5EF61342917CCA100B8DF43 /* Inter-SemiBold.ttf in Resources */ = {isa = PBXBuildFile; fileRef = D5EF61312917CCA100B8DF43 /* Inter-SemiBold.ttf */; };
		D5EF613D2917CD0700B8DF43 /* confetti.riv in Resources */ = {isa = PBXBuildFile; fileRef = D5EF61362917CD0700B8DF43 /* confetti.riv */; };
		D5EF613E2917CD0700B8DF43 /* menu_button.riv in Resources */ = {isa = PBXBuildFile; fileRef = D5EF61372917CD0700B8DF43 /* menu_button.riv */; };
		D5EF613F2917CD0700B8DF43 /* house.riv in Resources */ = {isa = PBXBuildFile; fileRef = D5EF61382917CD0700B8DF43 /* house.riv */; };
		D5EF61402917CD0700B8DF43 /* shapes.riv in Resources */ = {isa = PBXBuildFile; fileRef = D5EF61392917CD0700B8DF43 /* shapes.riv */; };
		D5EF61422917CD0700B8DF43 /* check.riv in Resources */ = {isa = PBXBuildFile; fileRef = D5EF613B2917CD0700B8DF43 /* check.riv */; };
		D5EF61432917CD0700B8DF43 /* icons.riv in Resources */ = {isa = PBXBuildFile; fileRef = D5EF613C2917CD0700B8DF43 /* icons.riv */; };
		D5F05652291BE4C0000377D4 /* Alamofire in Frameworks */ = {isa = PBXBuildFile; productRef = D5F05651291BE4C0000377D4 /* Alamofire */; };
		D5F05655291BE8DE000377D4 /* SwiftyJSON in Frameworks */ = {isa = PBXBuildFile; productRef = D5F05654291BE8DE000377D4 /* SwiftyJSON */; };
/* End PBXBuildFile section */

/* Begin PBXContainerItemProxy section */
		D58A5B30291743E10067A00C /* PBXContainerItemProxy */ = {
			isa = PBXContainerItemProxy;
			containerPortal = D58A5B17291743E00067A00C /* Project object */;
			proxyType = 1;
			remoteGlobalIDString = D58A5B1E291743E00067A00C;
			remoteInfo = clothy;
		};
		D58A5B3A291743E10067A00C /* PBXContainerItemProxy */ = {
			isa = PBXContainerItemProxy;
			containerPortal = D58A5B17291743E00067A00C /* Project object */;
			proxyType = 1;
			remoteGlobalIDString = D58A5B1E291743E00067A00C;
			remoteInfo = clothy;
		};
/* End PBXContainerItemProxy section */

/* Begin PBXFileReference section */
		D500DAA0292B7E9C00E2C569 /* AddClothesCameraView.swift */ = {isa = PBXFileReference; lastKnownFileType = sourcecode.swift; path = AddClothesCameraView.swift; sourceTree = "<group>"; };
		D500DAA4292B7FD100E2C569 /* ImgPicker.swift */ = {isa = PBXFileReference; lastKnownFileType = sourcecode.swift; path = ImgPicker.swift; sourceTree = "<group>"; };
		D500DAA6292B816900E2C569 /* Classifier.swift */ = {isa = PBXFileReference; lastKnownFileType = sourcecode.swift; path = Classifier.swift; sourceTree = "<group>"; };
		D500DAAA292B837900E2C569 /* ImageClassifier.swift */ = {isa = PBXFileReference; lastKnownFileType = sourcecode.swift; path = ImageClassifier.swift; sourceTree = "<group>"; };
		D500DAB0292B9D2500E2C569 /* Resnet50.mlpackage */ = {isa = PBXFileReference; lastKnownFileType = folder.mlpackage; path = Resnet50.mlpackage; sourceTree = "<group>"; };
		D500DAB2292BCBED00E2C569 /* ClothyCoreML.mlmodel */ = {isa = PBXFileReference; lastKnownFileType = file.mlmodel; path = ClothyCoreML.mlmodel; sourceTree = "<group>"; };
		D51883DA2917E7F3008799CA /* Info.plist */ = {isa = PBXFileReference; lastKnownFileType = text.plist; path = Info.plist; sourceTree = "<group>"; };
		D51CDECA29182A4900A93D55 /* TabBar.swift */ = {isa = PBXFileReference; lastKnownFileType = sourcecode.swift; path = TabBar.swift; sourceTree = "<group>"; };
		D51CDECC29182CB000A93D55 /* SideMenu.swift */ = {isa = PBXFileReference; lastKnownFileType = sourcecode.swift; path = SideMenu.swift; sourceTree = "<group>"; };
		D51CDED92918869A00A93D55 /* SignUpView.swift */ = {isa = PBXFileReference; lastKnownFileType = sourcecode.swift; path = SignUpView.swift; sourceTree = "<group>"; };
		D5272D3F291FF9E8006D3628 /* Profile.swift */ = {isa = PBXFileReference; lastKnownFileType = sourcecode.swift; path = Profile.swift; sourceTree = "<group>"; };
		D5272D41291FFDE6006D3628 /* ProfileViewModel.swift */ = {isa = PBXFileReference; lastKnownFileType = sourcecode.swift; path = ProfileViewModel.swift; sourceTree = "<group>"; };
		D547E8882922ACE2006CD1D1 /* button.riv */ = {isa = PBXFileReference; lastKnownFileType = file; name = button.riv; path = ../Views/Navigation/button.riv; sourceTree = "<group>"; };
		D54A8EE429295BD400853E15 /* CameraView.swift */ = {isa = PBXFileReference; lastKnownFileType = sourcecode.swift; path = CameraView.swift; sourceTree = "<group>"; };
		D58A5B1F291743E00067A00C /* clothy.app */ = {isa = PBXFileReference; explicitFileType = wrapper.application; includeInIndex = 0; path = clothy.app; sourceTree = BUILT_PRODUCTS_DIR; };
		D58A5B22291743E00067A00C /* clothyApp.swift */ = {isa = PBXFileReference; lastKnownFileType = sourcecode.swift; path = clothyApp.swift; sourceTree = "<group>"; };
		D58A5B24291743E00067A00C /* ContentView.swift */ = {isa = PBXFileReference; lastKnownFileType = sourcecode.swift; path = ContentView.swift; sourceTree = "<group>"; };
		D58A5B26291743E10067A00C /* Assets.xcassets */ = {isa = PBXFileReference; lastKnownFileType = folder.assetcatalog; path = Assets.xcassets; sourceTree = "<group>"; };
		D58A5B29291743E10067A00C /* Preview Assets.xcassets */ = {isa = PBXFileReference; lastKnownFileType = folder.assetcatalog; path = "Preview Assets.xcassets"; sourceTree = "<group>"; };
		D58A5B2F291743E10067A00C /* clothyTests.xctest */ = {isa = PBXFileReference; explicitFileType = wrapper.cfbundle; includeInIndex = 0; path = clothyTests.xctest; sourceTree = BUILT_PRODUCTS_DIR; };
		D58A5B33291743E10067A00C /* clothyTests.swift */ = {isa = PBXFileReference; lastKnownFileType = sourcecode.swift; path = clothyTests.swift; sourceTree = "<group>"; };
		D58A5B39291743E10067A00C /* clothyUITests.xctest */ = {isa = PBXFileReference; explicitFileType = wrapper.cfbundle; includeInIndex = 0; path = clothyUITests.xctest; sourceTree = BUILT_PRODUCTS_DIR; };
		D58A5B3D291743E10067A00C /* clothyUITests.swift */ = {isa = PBXFileReference; lastKnownFileType = sourcecode.swift; path = clothyUITests.swift; sourceTree = "<group>"; };
		D58A5B3F291743E10067A00C /* clothyUITestsLaunchTests.swift */ = {isa = PBXFileReference; lastKnownFileType = sourcecode.swift; path = clothyUITestsLaunchTests.swift; sourceTree = "<group>"; };
		D5ABCBBB291A05C000D0E5EF /* ForgotPWView.swift */ = {isa = PBXFileReference; lastKnownFileType = sourcecode.swift; path = ForgotPWView.swift; sourceTree = "<group>"; };
		D5ABCBBD291A095C00D0E5EF /* ProfileView.swift */ = {isa = PBXFileReference; lastKnownFileType = sourcecode.swift; path = ProfileView.swift; sourceTree = "<group>"; };
		D5AED57129241703001C625B /* ChangePasswordView.swift */ = {isa = PBXFileReference; lastKnownFileType = sourcecode.swift; path = ChangePasswordView.swift; sourceTree = "<group>"; };
		D5AED57629242D72001C625B /* FormInfo.swift */ = {isa = PBXFileReference; lastKnownFileType = sourcecode.swift; path = FormInfo.swift; sourceTree = "<group>"; };
		D5AED57E29245886001C625B /* Coordinator.swift */ = {isa = PBXFileReference; lastKnownFileType = sourcecode.swift; path = Coordinator.swift; sourceTree = "<group>"; };
		D5AED580292458DE001C625B /* UIImage+Extension.swift */ = {isa = PBXFileReference; lastKnownFileType = sourcecode.swift; path = "UIImage+Extension.swift"; sourceTree = "<group>"; };
		D5AED5822924813D001C625B /* ImagePicker00.swift */ = {isa = PBXFileReference; lastKnownFileType = sourcecode.swift; path = ImagePicker00.swift; sourceTree = "<group>"; };
		D5AF936A29198026002DA67F /* PrefrencesView.swift */ = {isa = PBXFileReference; lastKnownFileType = sourcecode.swift; path = PrefrencesView.swift; sourceTree = "<group>"; };
		D5AF936C291986ED002DA67F /* PrefButton.swift */ = {isa = PBXFileReference; lastKnownFileType = sourcecode.swift; path = PrefButton.swift; sourceTree = "<group>"; };
		D5AF93722919A64D002DA67F /* LoginViewModel.swift */ = {isa = PBXFileReference; lastKnownFileType = sourcecode.swift; path = LoginViewModel.swift; sourceTree = "<group>"; };
		D5C73912291BC55600DDBE1A /* DateUtils.swift */ = {isa = PBXFileReference; lastKnownFileType = sourcecode.swift; path = DateUtils.swift; sourceTree = "<group>"; };
		D5CB6DA72927BF8C009AD8C7 /* Clothes.swift */ = {isa = PBXFileReference; lastKnownFileType = sourcecode.swift; path = Clothes.swift; sourceTree = "<group>"; };
		D5CB6DA92927C195009AD8C7 /* MyClothesView.swift */ = {isa = PBXFileReference; lastKnownFileType = sourcecode.swift; path = MyClothesView.swift; sourceTree = "<group>"; };
		D5CB6DAB2927C241009AD8C7 /* ClothesCard.swift */ = {isa = PBXFileReference; lastKnownFileType = sourcecode.swift; path = ClothesCard.swift; sourceTree = "<group>"; };
		D5CB6DAD2927C8CB009AD8C7 /* MyClothesListView.swift */ = {isa = PBXFileReference; lastKnownFileType = sourcecode.swift; path = MyClothesListView.swift; sourceTree = "<group>"; };
		D5CB6DAF2927CBA7009AD8C7 /* ClothesDetailView.swift */ = {isa = PBXFileReference; lastKnownFileType = sourcecode.swift; path = ClothesDetailView.swift; sourceTree = "<group>"; };
		D5CB6DB22927DD97009AD8C7 /* CategoriesView.swift */ = {isa = PBXFileReference; lastKnownFileType = sourcecode.swift; path = CategoriesView.swift; sourceTree = "<group>"; };
		D5CB6DB42927E04F009AD8C7 /* CategoryViewDetails.swift */ = {isa = PBXFileReference; lastKnownFileType = sourcecode.swift; path = CategoryViewDetails.swift; sourceTree = "<group>"; };
		D5D86776291EB7B2008B0F88 /* UserViewModel.swift */ = {isa = PBXFileReference; lastKnownFileType = sourcecode.swift; path = UserViewModel.swift; sourceTree = "<group>"; };
		D5E7B94D2919E4D20087AF12 /* User.swift */ = {isa = PBXFileReference; lastKnownFileType = sourcecode.swift; path = User.swift; sourceTree = "<group>"; };
		D5EF611F2917CB7E00B8DF43 /* OnBoardingView.swift */ = {isa = PBXFileReference; lastKnownFileType = sourcecode.swift; path = OnBoardingView.swift; sourceTree = "<group>"; };
		D5EF61212917CB9400B8DF43 /* SignInView.swift */ = {isa = PBXFileReference; lastKnownFileType = sourcecode.swift; path = SignInView.swift; sourceTree = "<group>"; };
		D5EF61252917CBE000B8DF43 /* CustomTextField.swift */ = {isa = PBXFileReference; lastKnownFileType = sourcecode.swift; path = CustomTextField.swift; sourceTree = "<group>"; };
		D5EF61272917CBFA00B8DF43 /* Extentions.swift */ = {isa = PBXFileReference; lastKnownFileType = sourcecode.swift; path = Extentions.swift; sourceTree = "<group>"; };
		D5EF61292917CC0D00B8DF43 /* CustomFont.swift */ = {isa = PBXFileReference; lastKnownFileType = sourcecode.swift; path = CustomFont.swift; sourceTree = "<group>"; };
		D5EF612F2917CCA100B8DF43 /* Poppins-Bold.ttf */ = {isa = PBXFileReference; lastKnownFileType = file; path = "Poppins-Bold.ttf"; sourceTree = "<group>"; };
		D5EF61302917CCA100B8DF43 /* Inter-Regular.ttf */ = {isa = PBXFileReference; lastKnownFileType = file; path = "Inter-Regular.ttf"; sourceTree = "<group>"; };
		D5EF61312917CCA100B8DF43 /* Inter-SemiBold.ttf */ = {isa = PBXFileReference; lastKnownFileType = file; path = "Inter-SemiBold.ttf"; sourceTree = "<group>"; };
		D5EF61362917CD0700B8DF43 /* confetti.riv */ = {isa = PBXFileReference; lastKnownFileType = file; path = confetti.riv; sourceTree = "<group>"; };
		D5EF61372917CD0700B8DF43 /* menu_button.riv */ = {isa = PBXFileReference; lastKnownFileType = file; path = menu_button.riv; sourceTree = "<group>"; };
		D5EF61382917CD0700B8DF43 /* house.riv */ = {isa = PBXFileReference; lastKnownFileType = file; path = house.riv; sourceTree = "<group>"; };
		D5EF61392917CD0700B8DF43 /* shapes.riv */ = {isa = PBXFileReference; lastKnownFileType = file; path = shapes.riv; sourceTree = "<group>"; };
		D5EF613B2917CD0700B8DF43 /* check.riv */ = {isa = PBXFileReference; lastKnownFileType = file; path = check.riv; sourceTree = "<group>"; };
		D5EF613C2917CD0700B8DF43 /* icons.riv */ = {isa = PBXFileReference; lastKnownFileType = file; path = icons.riv; sourceTree = "<group>"; };
/* End PBXFileReference section */

/* Begin PBXFrameworksBuildPhase section */
		D58A5B1C291743E00067A00C /* Frameworks */ = {
			isa = PBXFrameworksBuildPhase;
			buildActionMask = 2147483647;
			files = (
				D5F05655291BE8DE000377D4 /* SwiftyJSON in Frameworks */,
				D5F05652291BE4C0000377D4 /* Alamofire in Frameworks */,
				D51883DD2917EE25008799CA /* RiveRuntime in Frameworks */,
				D5AED57529242C93001C625B /* FormValidator in Frameworks */,
			);
			runOnlyForDeploymentPostprocessing = 0;
		};
		D58A5B2C291743E10067A00C /* Frameworks */ = {
			isa = PBXFrameworksBuildPhase;
			buildActionMask = 2147483647;
			files = (
			);
			runOnlyForDeploymentPostprocessing = 0;
		};
		D58A5B36291743E10067A00C /* Frameworks */ = {
			isa = PBXFrameworksBuildPhase;
			buildActionMask = 2147483647;
			files = (
			);
			runOnlyForDeploymentPostprocessing = 0;
		};
/* End PBXFrameworksBuildPhase section */

/* Begin PBXGroup section */
		D51CDED82918818B00A93D55 /* Navigation */ = {
			isa = PBXGroup;
			children = (
				D58A5B24291743E00067A00C /* ContentView.swift */,
				D51CDECC29182CB000A93D55 /* SideMenu.swift */,
				D51CDECA29182A4900A93D55 /* TabBar.swift */,
			);
			path = Navigation;
			sourceTree = "<group>";
		};
		D58A5B16291743E00067A00C = {
			isa = PBXGroup;
			children = (
				D58A5B21291743E00067A00C /* clothy */,
				D58A5B32291743E10067A00C /* clothyTests */,
				D58A5B3C291743E10067A00C /* clothyUITests */,
				D58A5B20291743E00067A00C /* Products */,
			);
			sourceTree = "<group>";
		};
		D58A5B20291743E00067A00C /* Products */ = {
			isa = PBXGroup;
			children = (
				D58A5B1F291743E00067A00C /* clothy.app */,
				D58A5B2F291743E10067A00C /* clothyTests.xctest */,
				D58A5B39291743E10067A00C /* clothyUITests.xctest */,
			);
			name = Products;
			sourceTree = "<group>";
		};
		D58A5B21291743E00067A00C /* clothy */ = {
			isa = PBXGroup;
			children = (
				D51883DA2917E7F3008799CA /* Info.plist */,
				D58A5B22291743E00067A00C /* clothyApp.swift */,
				D5C73911291BC54000DDBE1A /* Utils */,
				D5E7B94C2919E4C60087AF12 /* Model */,
				D5AF93712919A62F002DA67F /* View Model */,
				D5EF61242917CBB700B8DF43 /* Views */,
				D58A5B26291743E10067A00C /* Assets.xcassets */,
				D58A5B28291743E10067A00C /* Preview Content */,
				D5272D3F291FF9E8006D3628 /* Profile.swift */,
				D5272D41291FFDE6006D3628 /* ProfileViewModel.swift */,
				D5AED57629242D72001C625B /* FormInfo.swift */,
				D5AED57E29245886001C625B /* Coordinator.swift */,
				D5AED580292458DE001C625B /* UIImage+Extension.swift */,
				D5AED5822924813D001C625B /* ImagePicker00.swift */,
			);
			path = clothy;
			sourceTree = "<group>";
		};
		D58A5B28291743E10067A00C /* Preview Content */ = {
			isa = PBXGroup;
			children = (
				D58A5B29291743E10067A00C /* Preview Assets.xcassets */,
			);
			path = "Preview Content";
			sourceTree = "<group>";
		};
		D58A5B32291743E10067A00C /* clothyTests */ = {
			isa = PBXGroup;
			children = (
				D58A5B33291743E10067A00C /* clothyTests.swift */,
			);
			path = clothyTests;
			sourceTree = "<group>";
		};
		D58A5B3C291743E10067A00C /* clothyUITests */ = {
			isa = PBXGroup;
			children = (
				D58A5B3D291743E10067A00C /* clothyUITests.swift */,
				D58A5B3F291743E10067A00C /* clothyUITestsLaunchTests.swift */,
			);
			path = clothyUITests;
			sourceTree = "<group>";
		};
		D5AF93712919A62F002DA67F /* View Model */ = {
			isa = PBXGroup;
			children = (
				D5AF93722919A64D002DA67F /* LoginViewModel.swift */,
				D5D86776291EB7B2008B0F88 /* UserViewModel.swift */,
			);
			path = "View Model";
			sourceTree = "<group>";
		};
		D5C73911291BC54000DDBE1A /* Utils */ = {
			isa = PBXGroup;
			children = (
				D5EF612B2917CC1600B8DF43 /* Styles */,
				D5EF612E2917CC5500B8DF43 /* Fonts */,
				D5EF61352917CCDF00B8DF43 /* RiveAssets */,
				D5C73912291BC55600DDBE1A /* DateUtils.swift */,
			);
			name = Utils;
			sourceTree = "<group>";
		};
		D5CB6DB12927DD3D009AD8C7 /* Clothes */ = {
			isa = PBXGroup;
			children = (
				D500DAB0292B9D2500E2C569 /* Resnet50.mlpackage */,
				D500DAB2292BCBED00E2C569 /* ClothyCoreML.mlmodel */,
				D5CB6DA92927C195009AD8C7 /* MyClothesView.swift */,
				D5CB6DAB2927C241009AD8C7 /* ClothesCard.swift */,
				D5CB6DAD2927C8CB009AD8C7 /* MyClothesListView.swift */,
				D5CB6DAF2927CBA7009AD8C7 /* ClothesDetailView.swift */,
				D5CB6DB22927DD97009AD8C7 /* CategoriesView.swift */,
				D5CB6DB42927E04F009AD8C7 /* CategoryViewDetails.swift */,
				D500DAA0292B7E9C00E2C569 /* AddClothesCameraView.swift */,
				D500DAA4292B7FD100E2C569 /* ImgPicker.swift */,
				D500DAA6292B816900E2C569 /* Classifier.swift */,
				D500DAAA292B837900E2C569 /* ImageClassifier.swift */,
			);
			path = Clothes;
			sourceTree = "<group>";
		};
		D5E7B94C2919E4C60087AF12 /* Model */ = {
			isa = PBXGroup;
			children = (
				D5E7B94D2919E4D20087AF12 /* User.swift */,
				D5CB6DA72927BF8C009AD8C7 /* Clothes.swift */,
			);
			path = Model;
			sourceTree = "<group>";
		};
		D5EF61242917CBB700B8DF43 /* Views */ = {
			isa = PBXGroup;
			children = (
				D5CB6DB12927DD3D009AD8C7 /* Clothes */,
				D51CDED82918818B00A93D55 /* Navigation */,
				D5EF61212917CB9400B8DF43 /* SignInView.swift */,
				D5EF611F2917CB7E00B8DF43 /* OnBoardingView.swift */,
				D51CDED92918869A00A93D55 /* SignUpView.swift */,
				D5AF936A29198026002DA67F /* PrefrencesView.swift */,
				D5ABCBBB291A05C000D0E5EF /* ForgotPWView.swift */,
				D5ABCBBD291A095C00D0E5EF /* ProfileView.swift */,
				D5AED57129241703001C625B /* ChangePasswordView.swift */,
				D54A8EE429295BD400853E15 /* CameraView.swift */,
			);
			path = Views;
			sourceTree = "<group>";
		};
		D5EF612B2917CC1600B8DF43 /* Styles */ = {
			isa = PBXGroup;
			children = (
				D5EF61252917CBE000B8DF43 /* CustomTextField.swift */,
				D5EF61272917CBFA00B8DF43 /* Extentions.swift */,
				D5EF61292917CC0D00B8DF43 /* CustomFont.swift */,
				D5AF936C291986ED002DA67F /* PrefButton.swift */,
			);
			path = Styles;
			sourceTree = "<group>";
		};
		D5EF612E2917CC5500B8DF43 /* Fonts */ = {
			isa = PBXGroup;
			children = (
				D5EF61302917CCA100B8DF43 /* Inter-Regular.ttf */,
				D5EF61312917CCA100B8DF43 /* Inter-SemiBold.ttf */,
				D5EF612F2917CCA100B8DF43 /* Poppins-Bold.ttf */,
			);
			path = Fonts;
			sourceTree = "<group>";
		};
		D5EF61352917CCDF00B8DF43 /* RiveAssets */ = {
			isa = PBXGroup;
			children = (
				D547E8882922ACE2006CD1D1 /* button.riv */,
				D5EF613B2917CD0700B8DF43 /* check.riv */,
				D5EF61362917CD0700B8DF43 /* confetti.riv */,
				D5EF61382917CD0700B8DF43 /* house.riv */,
				D5EF613C2917CD0700B8DF43 /* icons.riv */,
				D5EF61372917CD0700B8DF43 /* menu_button.riv */,
				D5EF61392917CD0700B8DF43 /* shapes.riv */,
			);
			path = RiveAssets;
			sourceTree = "<group>";
		};
/* End PBXGroup section */

/* Begin PBXNativeTarget section */
		D58A5B1E291743E00067A00C /* clothy */ = {
			isa = PBXNativeTarget;
			buildConfigurationList = D58A5B43291743E10067A00C /* Build configuration list for PBXNativeTarget "clothy" */;
			buildPhases = (
				D58A5B1B291743E00067A00C /* Sources */,
				D58A5B1C291743E00067A00C /* Frameworks */,
				D58A5B1D291743E00067A00C /* Resources */,
			);
			buildRules = (
			);
			dependencies = (
			);
			name = clothy;
			packageProductDependencies = (
				D51883DC2917EE25008799CA /* RiveRuntime */,
				D5F05651291BE4C0000377D4 /* Alamofire */,
				D5F05654291BE8DE000377D4 /* SwiftyJSON */,
				D5AED57429242C93001C625B /* FormValidator */,
			);
			productName = clothy;
			productReference = D58A5B1F291743E00067A00C /* clothy.app */;
			productType = "com.apple.product-type.application";
		};
		D58A5B2E291743E10067A00C /* clothyTests */ = {
			isa = PBXNativeTarget;
			buildConfigurationList = D58A5B46291743E10067A00C /* Build configuration list for PBXNativeTarget "clothyTests" */;
			buildPhases = (
				D58A5B2B291743E10067A00C /* Sources */,
				D58A5B2C291743E10067A00C /* Frameworks */,
				D58A5B2D291743E10067A00C /* Resources */,
			);
			buildRules = (
			);
			dependencies = (
				D58A5B31291743E10067A00C /* PBXTargetDependency */,
			);
			name = clothyTests;
			productName = clothyTests;
			productReference = D58A5B2F291743E10067A00C /* clothyTests.xctest */;
			productType = "com.apple.product-type.bundle.unit-test";
		};
		D58A5B38291743E10067A00C /* clothyUITests */ = {
			isa = PBXNativeTarget;
			buildConfigurationList = D58A5B49291743E10067A00C /* Build configuration list for PBXNativeTarget "clothyUITests" */;
			buildPhases = (
				D58A5B35291743E10067A00C /* Sources */,
				D58A5B36291743E10067A00C /* Frameworks */,
				D58A5B37291743E10067A00C /* Resources */,
			);
			buildRules = (
			);
			dependencies = (
				D58A5B3B291743E10067A00C /* PBXTargetDependency */,
			);
			name = clothyUITests;
			productName = clothyUITests;
			productReference = D58A5B39291743E10067A00C /* clothyUITests.xctest */;
			productType = "com.apple.product-type.bundle.ui-testing";
		};
/* End PBXNativeTarget section */

/* Begin PBXProject section */
		D58A5B17291743E00067A00C /* Project object */ = {
			isa = PBXProject;
			attributes = {
				BuildIndependentTargetsInParallel = 1;
				LastSwiftUpdateCheck = 1410;
				LastUpgradeCheck = 1410;
				TargetAttributes = {
					D58A5B1E291743E00067A00C = {
						CreatedOnToolsVersion = 14.1;
					};
					D58A5B2E291743E10067A00C = {
						CreatedOnToolsVersion = 14.1;
						TestTargetID = D58A5B1E291743E00067A00C;
					};
					D58A5B38291743E10067A00C = {
						CreatedOnToolsVersion = 14.1;
						TestTargetID = D58A5B1E291743E00067A00C;
					};
				};
			};
			buildConfigurationList = D58A5B1A291743E00067A00C /* Build configuration list for PBXProject "clothy" */;
			compatibilityVersion = "Xcode 13.0";
			developmentRegion = en;
			hasScannedForEncodings = 0;
			knownRegions = (
				en,
				Base,
			);
			mainGroup = D58A5B16291743E00067A00C;
			packageReferences = (
				D51883DB2917EE25008799CA /* XCRemoteSwiftPackageReference "rive-ios" */,
				D5F05650291BE4C0000377D4 /* XCRemoteSwiftPackageReference "Alamofire" */,
				D5F05653291BE8DE000377D4 /* XCRemoteSwiftPackageReference "SwiftyJSON" */,
				D5AED57329242C93001C625B /* XCRemoteSwiftPackageReference "SwiftUIFormValidator" */,
			);
			productRefGroup = D58A5B20291743E00067A00C /* Products */;
			projectDirPath = "";
			projectRoot = "";
			targets = (
				D58A5B1E291743E00067A00C /* clothy */,
				D58A5B2E291743E10067A00C /* clothyTests */,
				D58A5B38291743E10067A00C /* clothyUITests */,
			);
		};
/* End PBXProject section */

/* Begin PBXResourcesBuildPhase section */
		D58A5B1D291743E00067A00C /* Resources */ = {
			isa = PBXResourcesBuildPhase;
			buildActionMask = 2147483647;
			files = (
				D58A5B2A291743E10067A00C /* Preview Assets.xcassets in Resources */,
				D5EF613D2917CD0700B8DF43 /* confetti.riv in Resources */,
				D5EF61322917CCA100B8DF43 /* Poppins-Bold.ttf in Resources */,
				D5EF61332917CCA100B8DF43 /* Inter-Regular.ttf in Resources */,
				D5EF61402917CD0700B8DF43 /* shapes.riv in Resources */,
				D547E8892922ACE2006CD1D1 /* button.riv in Resources */,
				D5EF61422917CD0700B8DF43 /* check.riv in Resources */,
				D5EF613F2917CD0700B8DF43 /* house.riv in Resources */,
				D5EF61432917CD0700B8DF43 /* icons.riv in Resources */,
				D5EF61342917CCA100B8DF43 /* Inter-SemiBold.ttf in Resources */,
				D5EF613E2917CD0700B8DF43 /* menu_button.riv in Resources */,
				D58A5B27291743E10067A00C /* Assets.xcassets in Resources */,
			);
			runOnlyForDeploymentPostprocessing = 0;
		};
		D58A5B2D291743E10067A00C /* Resources */ = {
			isa = PBXResourcesBuildPhase;
			buildActionMask = 2147483647;
			files = (
			);
			runOnlyForDeploymentPostprocessing = 0;
		};
		D58A5B37291743E10067A00C /* Resources */ = {
			isa = PBXResourcesBuildPhase;
			buildActionMask = 2147483647;
			files = (
			);
			runOnlyForDeploymentPostprocessing = 0;
		};
/* End PBXResourcesBuildPhase section */

/* Begin PBXSourcesBuildPhase section */
		D58A5B1B291743E00067A00C /* Sources */ = {
			isa = PBXSourcesBuildPhase;
			buildActionMask = 2147483647;
			files = (
				D5ABCBBC291A05C000D0E5EF /* ForgotPWView.swift in Sources */,
				D5AED57229241703001C625B /* ChangePasswordView.swift in Sources */,
				D5AED5832924813D001C625B /* ImagePicker00.swift in Sources */,
				D5EF612A2917CC0D00B8DF43 /* CustomFont.swift in Sources */,
				D5AED581292458DE001C625B /* UIImage+Extension.swift in Sources */,
				D5EF61202917CB7E00B8DF43 /* OnBoardingView.swift in Sources */,
				D500DAA1292B7E9C00E2C569 /* AddClothesCameraView.swift in Sources */,
				D5CB6DAA2927C195009AD8C7 /* MyClothesView.swift in Sources */,
				D5AF936B29198026002DA67F /* PrefrencesView.swift in Sources */,
				D500DAAB292B837900E2C569 /* ImageClassifier.swift in Sources */,
				D58A5B25291743E00067A00C /* ContentView.swift in Sources */,
				D51CDECD29182CB000A93D55 /* SideMenu.swift in Sources */,
				D5E7B94E2919E4D20087AF12 /* User.swift in Sources */,
				D5CB6DAE2927C8CB009AD8C7 /* MyClothesListView.swift in Sources */,
				D5D86777291EB7B2008B0F88 /* UserViewModel.swift in Sources */,
				D51CDECB29182A4900A93D55 /* TabBar.swift in Sources */,
				D5EF61282917CBFA00B8DF43 /* Extentions.swift in Sources */,
				D5ABCBBE291A095C00D0E5EF /* ProfileView.swift in Sources */,
				D51CDEDA2918869A00A93D55 /* SignUpView.swift in Sources */,
				D5AF936D291986ED002DA67F /* PrefButton.swift in Sources */,
				D54A8EE529295BD400853E15 /* CameraView.swift in Sources */,
				D5C73913291BC55600DDBE1A /* DateUtils.swift in Sources */,
				D5CB6DB52927E04F009AD8C7 /* CategoryViewDetails.swift in Sources */,
				D5272D42291FFDE6006D3628 /* ProfileViewModel.swift in Sources */,
				D5CB6DB32927DD97009AD8C7 /* CategoriesView.swift in Sources */,
				D500DAB3292BCBED00E2C569 /* ClothyCoreML.mlmodel in Sources */,
				D5AF93732919A64D002DA67F /* LoginViewModel.swift in Sources */,
				D5CB6DAC2927C241009AD8C7 /* ClothesCard.swift in Sources */,
				D5AED57F29245886001C625B /* Coordinator.swift in Sources */,
				D5EF61222917CB9400B8DF43 /* SignInView.swift in Sources */,
				D500DAA7292B816900E2C569 /* Classifier.swift in Sources */,
				D5272D40291FF9E8006D3628 /* Profile.swift in Sources */,
				D500DAA5292B7FD100E2C569 /* ImgPicker.swift in Sources */,
				D5CB6DA82927BF8C009AD8C7 /* Clothes.swift in Sources */,
				D500DAB1292B9D2500E2C569 /* Resnet50.mlpackage in Sources */,
				D5CB6DB02927CBA7009AD8C7 /* ClothesDetailView.swift in Sources */,
				D5AED57729242D72001C625B /* FormInfo.swift in Sources */,
				D58A5B23291743E00067A00C /* clothyApp.swift in Sources */,
				D5EF61262917CBE000B8DF43 /* CustomTextField.swift in Sources */,
			);
			runOnlyForDeploymentPostprocessing = 0;
		};
		D58A5B2B291743E10067A00C /* Sources */ = {
			isa = PBXSourcesBuildPhase;
			buildActionMask = 2147483647;
			files = (
				D58A5B34291743E10067A00C /* clothyTests.swift in Sources */,
			);
			runOnlyForDeploymentPostprocessing = 0;
		};
		D58A5B35291743E10067A00C /* Sources */ = {
			isa = PBXSourcesBuildPhase;
			buildActionMask = 2147483647;
			files = (
				D58A5B3E291743E10067A00C /* clothyUITests.swift in Sources */,
				D58A5B40291743E10067A00C /* clothyUITestsLaunchTests.swift in Sources */,
			);
			runOnlyForDeploymentPostprocessing = 0;
		};
/* End PBXSourcesBuildPhase section */

/* Begin PBXTargetDependency section */
		D58A5B31291743E10067A00C /* PBXTargetDependency */ = {
			isa = PBXTargetDependency;
			target = D58A5B1E291743E00067A00C /* clothy */;
			targetProxy = D58A5B30291743E10067A00C /* PBXContainerItemProxy */;
		};
		D58A5B3B291743E10067A00C /* PBXTargetDependency */ = {
			isa = PBXTargetDependency;
			target = D58A5B1E291743E00067A00C /* clothy */;
			targetProxy = D58A5B3A291743E10067A00C /* PBXContainerItemProxy */;
		};
/* End PBXTargetDependency section */

/* Begin XCBuildConfiguration section */
		D58A5B41291743E10067A00C /* Debug */ = {
			isa = XCBuildConfiguration;
			buildSettings = {
				ALWAYS_SEARCH_USER_PATHS = NO;
				CLANG_ANALYZER_NONNULL = YES;
				CLANG_ANALYZER_NUMBER_OBJECT_CONVERSION = YES_AGGRESSIVE;
				CLANG_CXX_LANGUAGE_STANDARD = "gnu++20";
				CLANG_ENABLE_MODULES = YES;
				CLANG_ENABLE_OBJC_ARC = YES;
				CLANG_ENABLE_OBJC_WEAK = YES;
				CLANG_WARN_BLOCK_CAPTURE_AUTORELEASING = YES;
				CLANG_WARN_BOOL_CONVERSION = YES;
				CLANG_WARN_COMMA = YES;
				CLANG_WARN_CONSTANT_CONVERSION = YES;
				CLANG_WARN_DEPRECATED_OBJC_IMPLEMENTATIONS = YES;
				CLANG_WARN_DIRECT_OBJC_ISA_USAGE = YES_ERROR;
				CLANG_WARN_DOCUMENTATION_COMMENTS = YES;
				CLANG_WARN_EMPTY_BODY = YES;
				CLANG_WARN_ENUM_CONVERSION = YES;
				CLANG_WARN_INFINITE_RECURSION = YES;
				CLANG_WARN_INT_CONVERSION = YES;
				CLANG_WARN_NON_LITERAL_NULL_CONVERSION = YES;
				CLANG_WARN_OBJC_IMPLICIT_RETAIN_SELF = YES;
				CLANG_WARN_OBJC_LITERAL_CONVERSION = YES;
				CLANG_WARN_OBJC_ROOT_CLASS = YES_ERROR;
				CLANG_WARN_QUOTED_INCLUDE_IN_FRAMEWORK_HEADER = YES;
				CLANG_WARN_RANGE_LOOP_ANALYSIS = YES;
				CLANG_WARN_STRICT_PROTOTYPES = YES;
				CLANG_WARN_SUSPICIOUS_MOVE = YES;
				CLANG_WARN_UNGUARDED_AVAILABILITY = YES_AGGRESSIVE;
				CLANG_WARN_UNREACHABLE_CODE = YES;
				CLANG_WARN__DUPLICATE_METHOD_MATCH = YES;
				COPY_PHASE_STRIP = NO;
				DEBUG_INFORMATION_FORMAT = dwarf;
				ENABLE_STRICT_OBJC_MSGSEND = YES;
				ENABLE_TESTABILITY = YES;
				GCC_C_LANGUAGE_STANDARD = gnu11;
				GCC_DYNAMIC_NO_PIC = NO;
				GCC_NO_COMMON_BLOCKS = YES;
				GCC_OPTIMIZATION_LEVEL = 0;
				GCC_PREPROCESSOR_DEFINITIONS = (
					"DEBUG=1",
					"$(inherited)",
				);
				GCC_WARN_64_TO_32_BIT_CONVERSION = YES;
				GCC_WARN_ABOUT_RETURN_TYPE = YES_ERROR;
				GCC_WARN_UNDECLARED_SELECTOR = YES;
				GCC_WARN_UNINITIALIZED_AUTOS = YES_AGGRESSIVE;
				GCC_WARN_UNUSED_FUNCTION = YES;
				GCC_WARN_UNUSED_VARIABLE = YES;
				IPHONEOS_DEPLOYMENT_TARGET = 16.0;
				MTL_ENABLE_DEBUG_INFO = INCLUDE_SOURCE;
				MTL_FAST_MATH = YES;
				ONLY_ACTIVE_ARCH = YES;
				SDKROOT = iphoneos;
				SWIFT_ACTIVE_COMPILATION_CONDITIONS = DEBUG;
				SWIFT_OPTIMIZATION_LEVEL = "-Onone";
			};
			name = Debug;
		};
		D58A5B42291743E10067A00C /* Release */ = {
			isa = XCBuildConfiguration;
			buildSettings = {
				ALWAYS_SEARCH_USER_PATHS = NO;
				CLANG_ANALYZER_NONNULL = YES;
				CLANG_ANALYZER_NUMBER_OBJECT_CONVERSION = YES_AGGRESSIVE;
				CLANG_CXX_LANGUAGE_STANDARD = "gnu++20";
				CLANG_ENABLE_MODULES = YES;
				CLANG_ENABLE_OBJC_ARC = YES;
				CLANG_ENABLE_OBJC_WEAK = YES;
				CLANG_WARN_BLOCK_CAPTURE_AUTORELEASING = YES;
				CLANG_WARN_BOOL_CONVERSION = YES;
				CLANG_WARN_COMMA = YES;
				CLANG_WARN_CONSTANT_CONVERSION = YES;
				CLANG_WARN_DEPRECATED_OBJC_IMPLEMENTATIONS = YES;
				CLANG_WARN_DIRECT_OBJC_ISA_USAGE = YES_ERROR;
				CLANG_WARN_DOCUMENTATION_COMMENTS = YES;
				CLANG_WARN_EMPTY_BODY = YES;
				CLANG_WARN_ENUM_CONVERSION = YES;
				CLANG_WARN_INFINITE_RECURSION = YES;
				CLANG_WARN_INT_CONVERSION = YES;
				CLANG_WARN_NON_LITERAL_NULL_CONVERSION = YES;
				CLANG_WARN_OBJC_IMPLICIT_RETAIN_SELF = YES;
				CLANG_WARN_OBJC_LITERAL_CONVERSION = YES;
				CLANG_WARN_OBJC_ROOT_CLASS = YES_ERROR;
				CLANG_WARN_QUOTED_INCLUDE_IN_FRAMEWORK_HEADER = YES;
				CLANG_WARN_RANGE_LOOP_ANALYSIS = YES;
				CLANG_WARN_STRICT_PROTOTYPES = YES;
				CLANG_WARN_SUSPICIOUS_MOVE = YES;
				CLANG_WARN_UNGUARDED_AVAILABILITY = YES_AGGRESSIVE;
				CLANG_WARN_UNREACHABLE_CODE = YES;
				CLANG_WARN__DUPLICATE_METHOD_MATCH = YES;
				COPY_PHASE_STRIP = NO;
				DEBUG_INFORMATION_FORMAT = "dwarf-with-dsym";
				ENABLE_NS_ASSERTIONS = NO;
				ENABLE_STRICT_OBJC_MSGSEND = YES;
				GCC_C_LANGUAGE_STANDARD = gnu11;
				GCC_NO_COMMON_BLOCKS = YES;
				GCC_WARN_64_TO_32_BIT_CONVERSION = YES;
				GCC_WARN_ABOUT_RETURN_TYPE = YES_ERROR;
				GCC_WARN_UNDECLARED_SELECTOR = YES;
				GCC_WARN_UNINITIALIZED_AUTOS = YES_AGGRESSIVE;
				GCC_WARN_UNUSED_FUNCTION = YES;
				GCC_WARN_UNUSED_VARIABLE = YES;
				IPHONEOS_DEPLOYMENT_TARGET = 16.0;
				MTL_ENABLE_DEBUG_INFO = NO;
				MTL_FAST_MATH = YES;
				SDKROOT = iphoneos;
				SWIFT_COMPILATION_MODE = wholemodule;
				SWIFT_OPTIMIZATION_LEVEL = "-O";
				VALIDATE_PRODUCT = YES;
			};
			name = Release;
		};
		D58A5B44291743E10067A00C /* Debug */ = {
			isa = XCBuildConfiguration;
			buildSettings = {
				ASSETCATALOG_COMPILER_APPICON_NAME = AppIcon;
				ASSETCATALOG_COMPILER_GLOBAL_ACCENT_COLOR_NAME = AccentColor;
				CODE_SIGN_STYLE = Automatic;
				CURRENT_PROJECT_VERSION = 1;
				DEVELOPMENT_ASSET_PATHS = "clothy/Preview\\ Content";
				DEVELOPMENT_TEAM = YGMX22GP35;
				ENABLE_PREVIEWS = YES;
				GENERATE_INFOPLIST_FILE = YES;
				INFOPLIST_FILE = clothy/Info.plist;
				INFOPLIST_KEY_NSCameraUsageDescription = "We need to acces camera for changing your profile picture";
				INFOPLIST_KEY_UIApplicationSceneManifest_Generation = YES;
				INFOPLIST_KEY_UIApplicationSupportsIndirectInputEvents = YES;
				INFOPLIST_KEY_UILaunchScreen_Generation = YES;
				INFOPLIST_KEY_UISupportedInterfaceOrientations_iPad = "UIInterfaceOrientationPortrait UIInterfaceOrientationPortraitUpsideDown UIInterfaceOrientationLandscapeLeft UIInterfaceOrientationLandscapeRight";
				INFOPLIST_KEY_UISupportedInterfaceOrientations_iPhone = "UIInterfaceOrientationPortrait UIInterfaceOrientationLandscapeLeft UIInterfaceOrientationLandscapeRight";
				LD_RUNPATH_SEARCH_PATHS = (
					"$(inherited)",
					"@executable_path/Frameworks",
				);
				MARKETING_VERSION = 1.0;
				PRODUCT_BUNDLE_IDENTIFIER = hm.clothyy;
				PRODUCT_NAME = "$(TARGET_NAME)";
				SWIFT_EMIT_LOC_STRINGS = YES;
				SWIFT_VERSION = 5.0;
				TARGETED_DEVICE_FAMILY = "1,2";
			};
			name = Debug;
		};
		D58A5B45291743E10067A00C /* Release */ = {
			isa = XCBuildConfiguration;
			buildSettings = {
				ASSETCATALOG_COMPILER_APPICON_NAME = AppIcon;
				ASSETCATALOG_COMPILER_GLOBAL_ACCENT_COLOR_NAME = AccentColor;
				CODE_SIGN_STYLE = Automatic;
				CURRENT_PROJECT_VERSION = 1;
				DEVELOPMENT_ASSET_PATHS = "clothy/Preview\\ Content";
				DEVELOPMENT_TEAM = YGMX22GP35;
				ENABLE_PREVIEWS = YES;
				GENERATE_INFOPLIST_FILE = YES;
				INFOPLIST_FILE = clothy/Info.plist;
				INFOPLIST_KEY_NSCameraUsageDescription = "We need to acces camera for changing your profile picture";
				INFOPLIST_KEY_UIApplicationSceneManifest_Generation = YES;
				INFOPLIST_KEY_UIApplicationSupportsIndirectInputEvents = YES;
				INFOPLIST_KEY_UILaunchScreen_Generation = YES;
				INFOPLIST_KEY_UISupportedInterfaceOrientations_iPad = "UIInterfaceOrientationPortrait UIInterfaceOrientationPortraitUpsideDown UIInterfaceOrientationLandscapeLeft UIInterfaceOrientationLandscapeRight";
				INFOPLIST_KEY_UISupportedInterfaceOrientations_iPhone = "UIInterfaceOrientationPortrait UIInterfaceOrientationLandscapeLeft UIInterfaceOrientationLandscapeRight";
				LD_RUNPATH_SEARCH_PATHS = (
					"$(inherited)",
					"@executable_path/Frameworks",
				);
				MARKETING_VERSION = 1.0;
				PRODUCT_BUNDLE_IDENTIFIER = hm.clothyy;
				PRODUCT_NAME = "$(TARGET_NAME)";
				SWIFT_EMIT_LOC_STRINGS = YES;
				SWIFT_VERSION = 5.0;
				TARGETED_DEVICE_FAMILY = "1,2";
			};
			name = Release;
		};
		D58A5B47291743E10067A00C /* Debug */ = {
			isa = XCBuildConfiguration;
			buildSettings = {
				ALWAYS_EMBED_SWIFT_STANDARD_LIBRARIES = YES;
				BUNDLE_LOADER = "$(TEST_HOST)";
				CODE_SIGN_STYLE = Automatic;
				CURRENT_PROJECT_VERSION = 1;
				DEVELOPMENT_TEAM = YGMX22GP35;
				GENERATE_INFOPLIST_FILE = YES;
				IPHONEOS_DEPLOYMENT_TARGET = 16.1;
				MARKETING_VERSION = 1.0;
				PRODUCT_BUNDLE_IDENTIFIER = hm.clothyTests;
				PRODUCT_NAME = "$(TARGET_NAME)";
				SWIFT_EMIT_LOC_STRINGS = NO;
				SWIFT_VERSION = 5.0;
				TARGETED_DEVICE_FAMILY = "1,2";
				TEST_HOST = "$(BUILT_PRODUCTS_DIR)/clothy.app/$(BUNDLE_EXECUTABLE_FOLDER_PATH)/clothy";
			};
			name = Debug;
		};
		D58A5B48291743E10067A00C /* Release */ = {
			isa = XCBuildConfiguration;
			buildSettings = {
				ALWAYS_EMBED_SWIFT_STANDARD_LIBRARIES = YES;
				BUNDLE_LOADER = "$(TEST_HOST)";
				CODE_SIGN_STYLE = Automatic;
				CURRENT_PROJECT_VERSION = 1;
				DEVELOPMENT_TEAM = YGMX22GP35;
				GENERATE_INFOPLIST_FILE = YES;
				IPHONEOS_DEPLOYMENT_TARGET = 16.1;
				MARKETING_VERSION = 1.0;
				PRODUCT_BUNDLE_IDENTIFIER = hm.clothyTests;
				PRODUCT_NAME = "$(TARGET_NAME)";
				SWIFT_EMIT_LOC_STRINGS = NO;
				SWIFT_VERSION = 5.0;
				TARGETED_DEVICE_FAMILY = "1,2";
				TEST_HOST = "$(BUILT_PRODUCTS_DIR)/clothy.app/$(BUNDLE_EXECUTABLE_FOLDER_PATH)/clothy";
			};
			name = Release;
		};
		D58A5B4A291743E10067A00C /* Debug */ = {
			isa = XCBuildConfiguration;
			buildSettings = {
				ALWAYS_EMBED_SWIFT_STANDARD_LIBRARIES = YES;
				CODE_SIGN_STYLE = Automatic;
				CURRENT_PROJECT_VERSION = 1;
				DEVELOPMENT_TEAM = YGMX22GP35;
				GENERATE_INFOPLIST_FILE = YES;
				MARKETING_VERSION = 1.0;
				PRODUCT_BUNDLE_IDENTIFIER = hm.clothyUITests;
				PRODUCT_NAME = "$(TARGET_NAME)";
				SWIFT_EMIT_LOC_STRINGS = NO;
				SWIFT_VERSION = 5.0;
				TARGETED_DEVICE_FAMILY = "1,2";
				TEST_TARGET_NAME = clothy;
			};
			name = Debug;
		};
		D58A5B4B291743E10067A00C /* Release */ = {
			isa = XCBuildConfiguration;
			buildSettings = {
				ALWAYS_EMBED_SWIFT_STANDARD_LIBRARIES = YES;
				CODE_SIGN_STYLE = Automatic;
				CURRENT_PROJECT_VERSION = 1;
				DEVELOPMENT_TEAM = YGMX22GP35;
				GENERATE_INFOPLIST_FILE = YES;
				MARKETING_VERSION = 1.0;
				PRODUCT_BUNDLE_IDENTIFIER = hm.clothyUITests;
				PRODUCT_NAME = "$(TARGET_NAME)";
				SWIFT_EMIT_LOC_STRINGS = NO;
				SWIFT_VERSION = 5.0;
				TARGETED_DEVICE_FAMILY = "1,2";
				TEST_TARGET_NAME = clothy;
			};
			name = Release;
		};
/* End XCBuildConfiguration section */

/* Begin XCConfigurationList section */
		D58A5B1A291743E00067A00C /* Build configuration list for PBXProject "clothy" */ = {
			isa = XCConfigurationList;
			buildConfigurations = (
				D58A5B41291743E10067A00C /* Debug */,
				D58A5B42291743E10067A00C /* Release */,
			);
			defaultConfigurationIsVisible = 0;
			defaultConfigurationName = Release;
		};
		D58A5B43291743E10067A00C /* Build configuration list for PBXNativeTarget "clothy" */ = {
			isa = XCConfigurationList;
			buildConfigurations = (
				D58A5B44291743E10067A00C /* Debug */,
				D58A5B45291743E10067A00C /* Release */,
			);
			defaultConfigurationIsVisible = 0;
			defaultConfigurationName = Release;
		};
		D58A5B46291743E10067A00C /* Build configuration list for PBXNativeTarget "clothyTests" */ = {
			isa = XCConfigurationList;
			buildConfigurations = (
				D58A5B47291743E10067A00C /* Debug */,
				D58A5B48291743E10067A00C /* Release */,
			);
			defaultConfigurationIsVisible = 0;
			defaultConfigurationName = Release;
		};
		D58A5B49291743E10067A00C /* Build configuration list for PBXNativeTarget "clothyUITests" */ = {
			isa = XCConfigurationList;
			buildConfigurations = (
				D58A5B4A291743E10067A00C /* Debug */,
				D58A5B4B291743E10067A00C /* Release */,
			);
			defaultConfigurationIsVisible = 0;
			defaultConfigurationName = Release;
		};
/* End XCConfigurationList section */

/* Begin XCRemoteSwiftPackageReference section */
		D51883DB2917EE25008799CA /* XCRemoteSwiftPackageReference "rive-ios" */ = {
			isa = XCRemoteSwiftPackageReference;
			repositoryURL = "https://github.com/rive-app/rive-ios";
			requirement = {
				branch = main;
				kind = branch;
			};
		};
		D5AED57329242C93001C625B /* XCRemoteSwiftPackageReference "SwiftUIFormValidator" */ = {
			isa = XCRemoteSwiftPackageReference;
			repositoryURL = "https://github.com/ShabanKamell/SwiftUIFormValidator.git";
			requirement = {
				kind = upToNextMajorVersion;
				minimumVersion = 0.9.0;
			};
		};
		D5F05650291BE4C0000377D4 /* XCRemoteSwiftPackageReference "Alamofire" */ = {
			isa = XCRemoteSwiftPackageReference;
			repositoryURL = "https://github.com/Alamofire/Alamofire";
			requirement = {
				kind = upToNextMajorVersion;
				minimumVersion = 5.0.0;
			};
		};
		D5F05653291BE8DE000377D4 /* XCRemoteSwiftPackageReference "SwiftyJSON" */ = {
			isa = XCRemoteSwiftPackageReference;
			repositoryURL = "https://github.com/SwiftyJSON/SwiftyJSON";
			requirement = {
				kind = upToNextMajorVersion;
				minimumVersion = 5.0.0;
			};
		};
/* End XCRemoteSwiftPackageReference section */

/* Begin XCSwiftPackageProductDependency section */
		D51883DC2917EE25008799CA /* RiveRuntime */ = {
			isa = XCSwiftPackageProductDependency;
			package = D51883DB2917EE25008799CA /* XCRemoteSwiftPackageReference "rive-ios" */;
			productName = RiveRuntime;
		};
		D5AED57429242C93001C625B /* FormValidator */ = {
			isa = XCSwiftPackageProductDependency;
			package = D5AED57329242C93001C625B /* XCRemoteSwiftPackageReference "SwiftUIFormValidator" */;
			productName = FormValidator;
		};
		D5F05651291BE4C0000377D4 /* Alamofire */ = {
			isa = XCSwiftPackageProductDependency;
			package = D5F05650291BE4C0000377D4 /* XCRemoteSwiftPackageReference "Alamofire" */;
			productName = Alamofire;
		};
		D5F05654291BE8DE000377D4 /* SwiftyJSON */ = {
			isa = XCSwiftPackageProductDependency;
			package = D5F05653291BE8DE000377D4 /* XCRemoteSwiftPackageReference "SwiftyJSON" */;
			productName = SwiftyJSON;
		};
/* End XCSwiftPackageProductDependency section */
	};
	rootObject = D58A5B17291743E00067A00C /* Project object */;
}
